decred.org/cspp/v2 v2.4.0 h1:whb0YW+UELHJS/UfT5MBXSJXrKUVw5omhgKNhjzYix4=
decred.org/cspp/v2 v2.4.0/go.mod h1:9nO3bfvCheOPIFZw5f6sRQ42CjBFB5RKSaJ9Iq6G4MA=
decred.org/dcrdex v1.0.6 h1:0yAdvNZbfCGtVCbOWAaHOuvCCv8MBzdPIBLz3xxeKII=
decred.org/dcrdex v1.0.6/go.mod h1:JqDgXE0ARGNUM4OLFb5QV0dGkW66tG/I+rVvvxZgm8s=
eliasnaur.com/font v0.0.0-20230308162249-dd43949cb42d h1:ARo7NCVvN2NdhLlJE9xAbKweuI9L6UgfTbYb0YwPacY=
eliasnaur.com/font v0.0.0-20230308162249-dd43949cb42d/go.mod h1:OYVuxibdk9OSLX8vAqydtRPP87PyTFcT9uH3MlEGBQA=
gioui.org v0.7.0 h1:5I+7Uu2yjTu7W5p7HWQrgsDPO3vex+8T1DsvCLGBfuI=
gioui.org v0.7.0/go.mod h1:19wZxaNP+eHN4H2YdZwEfbkAAgoYB5rcIbDHo4BqUl4=
git.wow.st/gmp/jni v0.0.0-20210610011705-34026c7e22d0 h1:bGG/g4ypjrCJoSvFrP5hafr9PPB5aw8SjcOWWila7ZI=
git.wow.st/gmp/jni v0.0.0-20210610011705-34026c7e22d0/go.mod h1:+axXBRUTIDlCeE73IKeD/os7LoEnTKdkp8/gQOFjqyo=
github.com/AndreasBriese/bbloom v0.0.0-20190825152654-46b345b51c96 h1:cTp8I5+VIoKjsnZuH8vjyaysT/ses3EvZeaV/1UkF2M=
github.com/AndreasBriese/bbloom v0.0.0-20190825152654-46b345b51c96/go.mod h1:bOvUY6CB00SOBii9/FifXqc0awNKxLFCL/+pkDPuyl8=
github.com/BurntSushi/toml v0.3.1/go.mod h1:xHWCNGjB5oqiDr8zfno3MHue2Ht5sIBksp03qcyfWMU=
github.com/DataDog/zstd v1.5.2 h1:vUG4lAyuPCXO0TLbXvPv7EB7cNK1QV/luu55UHLrrn8=
github.com/DataDog/zstd v1.5.2/go.mod h1:g4AWEaM3yOg3HYfnJ3YIawPnVdXJh9QME85blwSAmyw=
github.com/JohannesKaufmann/html-to-markdown v1.2.1 h1:VgNHWizxsocCx99W8VOd6NkGLQsq7tzRWcGdxP65RpQ=
github.com/JohannesKaufmann/html-to-markdown v1.2.1/go.mod h1:JNSClIRYICFDiFhw6RBhBeWGnMSSKVZ6sPQA+TK4tyM=
github.com/OneOfOne/xxhash v1.2.2 h1:KMrpdQIwFcEqXDklaen+P1axHaj9BSKzvpUUfnHldSE=
github.com/OneOfOne/xxhash v1.2.2/go.mod h1:HSdplMjZKSmBqAxg5vPj2TmRDmfkzw+cTzAElWljhcU=
github.com/PuerkitoBio/goquery v1.5.1/go.mod h1:GsLWisAFVj4WgDibEWF4pvYnkVQBpKBKeU+7zCJoLcc=
github.com/PuerkitoBio/goquery v1.6.1 h1:FgjbQZKl5HTmcn4sKBgvx8vv63nhyhIpv7lJpFGCWpk=
github.com/PuerkitoBio/goquery v1.6.1/go.mod h1:GsLWisAFVj4WgDibEWF4pvYnkVQBpKBKeU+7zCJoLcc=
github.com/Sereal/Sereal v0.0.0-20181211220259-509a78ddbda3 h1:Xu7z47ZiE/J+sKXHZMGxEor/oY2q6dq51fkO0JqdSwY=
github.com/Sereal/Sereal v0.0.0-20181211220259-509a78ddbda3/go.mod h1:D0JMgToj/WdxCgd30Kc1UcA9E+WdZoJqeVOuYW7iTBM=
github.com/StackExchange/wmi v1.2.1 h1:VIkavFPXSjcnS+O8yTq7NI32k0R5Aj+v39y29VYDOSA=
github.com/StackExchange/wmi v1.2.1/go.mod h1:rcmrprowKIVzvc+NUiLncP2uuArMWLCbu9SBzvHz7e8=
github.com/agl/ed25519 v0.0.0-20170116200512-5312a6153412 h1:w1UutsfOrms1J05zt7ISrnJIXKzwaspym5BTKGx93EI=
github.com/agl/ed25519 v0.0.0-20170116200512-5312a6153412/go.mod h1:WPjqKcmVOxf0XSf3YxCJs6N6AOSrOx3obionmG7T0y0=
github.com/andybalholm/cascadia v1.1.0 h1:BuuO6sSfQNFRu1LppgbD25Hr2vLYW25JvxHs5zzsLTo=
github.com/andybalholm/cascadia v1.1.0/go.mod h1:GsXiBklL0woXo1j/WYWtSYYC4ouU9PqHO0sqidkEA4Y=
github.com/ararog/timeago v0.0.0-20160328174124-e9969cf18b8d h1:ZX0t+GA3MWiP7LWt5xWOphWRQd5JwL4VW5uLW83KM8g=
github.com/ararog/timeago v0.0.0-20160328174124-e9969cf18b8d/go.mod h1:EcJ034SpbWy4heOSDiBZJRn3b5wKJM1b4sFfYeVAkI4=
github.com/armon/consul-api v0.0.0-20180202201655-eb2c6b5be1b6/go.mod h1:grANhF5doyWs3UAsr3K4I6qtAmlQcZDesFNEHPZAzj8=
github.com/asdine/storm v0.0.0-20190216191021-fe89819f6282 h1:DmSVc81daQAPvXwcCZi0W6A14sTCYQ1QI21C0E37KoY=
github.com/asdine/storm v0.0.0-20190216191021-fe89819f6282/go.mod h1:cMLKpjHSP4q0P133fV15ojQgwWWB2IMv+hrFsmBF/wI=
github.com/cespare/xxhash v1.1.0 h1:a6HrQnmkObjyL+Gs60czilIUGqrzKutQD6XZog3p+ko=
github.com/cespare/xxhash v1.1.0/go.mod h1:XrSqR1VqqWfGrhpAt58auRo0WTKS1nRRg3ghfAqPWnc=
github.com/companyzero/sntrup4591761 v0.0.0-20220309191932-9e0f3af2f07a h1:clYxJ3Os0EQUKDDVU8M0oipllX0EkuFNBfhVQuIfyF0=
github.com/companyzero/sntrup4591761 v0.0.0-20220309191932-9e0f3af2f07a/go.mod h1:z/9Ck1EDixEbBbZ2KH2qNHekEmDLTOZ+FyoIPWWSVOI=
github.com/coreos/etcd v3.3.10+incompatible/go.mod h1:uF7uidLiAD3TWHmW31ZFd/JWoc32PjwdhPthX9715RE=
github.com/coreos/go-etcd v2.0.0+incompatible/go.mod h1:Jez6KQU2B/sWsbdaef3ED8NzMklzPG4d5KIOhIy30Tk=
github.com/coreos/go-semver v0.2.0/go.mod h1:nnelYz7RCh+5ahJtPPxZlU+153eP4D4r3EedlOD2RNk=
github.com/cpuguy83/go-md2man v1.0.10/go.mod h1:SmD6nW6nTyfqj6ABTjUi3V3JVMnlJmwcJI5acqYI6dE=
github.com/davecgh/go-spew v1.1.0/go.mod h1:J7Y8YcW2NihsgmVo/mv3lAwl/skON4iLHjSsI+c5H38=
github.com/davecgh/go-spew v1.1.1 h1:vj9j/u1bqnvCEfJOwUhtlOARqs3+rkHYY13jYWTU97c=
github.com/davecgh/go-spew v1.1.1/go.mod h1:J7Y8YcW2NihsgmVo/mv3lAwl/skON4iLHjSsI+c5H38=
github.com/dchest/siphash v1.2.3 h1:QXwFc8cFOR2dSa/gE6o/HokBMWtLUaNDVd+22aKHeEA=
github.com/dchest/siphash v1.2.3/go.mod h1:0NvQU092bT0ipiFN++/rXm69QG9tVxLAlQHIXMPAkHc=
github.com/decred/base58 v1.0.6 h1:NXndBcO+ubGZORV3EulvqeBcMuQM7doqVGa7pBhMOs4=
github.com/decred/base58 v1.0.6/go.mod h1:KR7Oh9njDPXTagD4P67KJZwroL8jT653u8CffkYqhcQ=
github.com/decred/dcrd/chaincfg/chainhash v1.0.5 h1:GwzXLsZoemdDxFdtj3GdW25Z+NXdN6nD3OjVtA+UwiE=
github.com/decred/dcrd/chaincfg/chainhash v1.0.5/go.mod h1:vCqZMGtKbyxJkdcVzP3Ryc9IvaspVUb7hO6t+rjxmcs=
github.com/decred/dcrd/chaincfg/v3 v3.3.0 h1:Plu5nS4ctf2V+8PMyannHRtcgexjY1EnFLTt3zfgGI8=
github.com/decred/dcrd/chaincfg/v3 v3.3.0/go.mod h1:uFkZ81h+Xs8PoMjsWsH1UAAm0siKMQbcIu5H3kKs6OI=
github.com/decred/dcrd/crypto/blake256 v1.1.0 h1:zPMNGQCm0g4QTY27fOCorQW7EryeQ/U0x++OzVrdms8=
github.com/decred/dcrd/crypto/blake256 v1.1.0/go.mod h1:2OfgNZ5wDpcsFmHmCK5gZTPcCXqlm2ArzUIkw9czNJo=
github.com/decred/dcrd/crypto/rand v1.0.1 h1:pYMgDRmRv1z1RNgAAs8izJstm4B+fLFiqGD5btOt2Wg=
github.com/decred/dcrd/crypto/rand v1.0.1/go.mod h1:MsA2XySk/4KpCOYW6vsNYTGuOYRK1wpvulaWCuW7RyI=
github.com/decred/dcrd/crypto/ripemd160 v1.0.2 h1:TvGTmUBHDU75OHro9ojPLK+Yv7gDl2hnUvRocRCjsys=
github.com/decred/dcrd/crypto/ripemd160 v1.0.2/go.mod h1:uGfjDyePSpa75cSQLzNdVmWlbQMBuiJkvXw/MNKRY4M=
github.com/decred/dcrd/dcrec v1.0.1 h1:gDzlndw0zYxM5BlaV17d7ZJV6vhRe9njPBFeg4Db2UY=
github.com/decred/dcrd/dcrec v1.0.1/go.mod h1:CO+EJd8eHFb8WHa84C7ZBkXsNUIywaTHb+UAuI5uo6o=
github.com/decred/dcrd/dcrec/edwards/v2 v2.0.4 h1:xmmdtnGxF/Od2doiP56zBv5a3LgJ3PA6mlx3Luf622I=
github.com/decred/dcrd/dcrec/edwards/v2 v2.0.4/go.mod h1:07Ke2V+uJkG72M1Eiek8CF6NUB3XPlZ38cIit57R0UU=
github.com/decred/dcrd/dcrec/secp256k1/v4 v4.4.0 h1:NMZiJj8QnKe1LgsbDayM4UoHwbvwDRwnI3hwNaAHRnc=
github.com/decred/dcrd/dcrec/secp256k1/v4 v4.4.0/go.mod h1:ZXNYxsqcloTdSy/rNShjYzMhyjf0LaoftYK0p+A3h40=
github.com/decred/dcrd/txscript/v4 v4.1.2 h1:1EP7ZmBDl2LBeAMTEygxY8rVNN3+lkGqrsb4u64x+II=
github.com/decred/dcrd/txscript/v4 v4.1.2/go.mod h1:r5/8qfCnl6TFrE369gggUayVIryM1oC7BLoRfa27Ckw=
github.com/decred/dcrd/wire v1.7.2 h1:04vpHHE3t78rDztjZx82JV2EEOMDUtUUB1347H32kho=
github.com/decred/dcrd/wire v1.7.2/go.mod h1:eP9XRsMloy+phlntkTAaAm611JgLv8NqY1YJoRxkNKU=
github.com/decred/go-socks v1.1.0 h1:dnENcc0KIqQo3HSXdgboXAHgqsCIutkqq6ntQjYtm2U=
github.com/decred/go-socks v1.1.0/go.mod h1:sDhHqkZH0X4JjSa02oYOGhcGHYp12FsY1jQ/meV8md0=
github.com/decred/slog v1.2.0 h1:soHAxV52B54Di3WtKLfPum9OFfWqwtf/ygf9njdfnPM=
github.com/decred/slog v1.2.0/go.mod h1:kVXlGnt6DHy2fV5OjSeuvCJ0OmlmTF6LFpEPMu/fOY0=
github.com/decred/vspd/client/v3 v3.0.0 h1:4gAGDTeIU0r4quCxmV5Ez7T2J+P+OLPSibkCF+/Yb6w=
github.com/decred/vspd/client/v3 v3.0.0/go.mod h1:5pfPvIa6V38AmophMrKUCl3KMpEIxcltWtgL2R+wsW8=
github.com/decred/vspd/client/v4 v4.0.2 h1:yvQaJFy3UdQMcRzjAyvuKPpr2G2Rn6Bbha+HH4TwItQ=
github.com/decred/vspd/client/v4 v4.0.2/go.mod h1:jhqu4KGGOskQcPVZ3XZLVZ1Wgkc9GQo+oEipr3gGODg=
github.com/decred/vspd/types/v2 v2.1.0 h1:cUVlmHPeLVsksPRnr2WHsmC2t1Skl6g1WH0HmpcPS7w=
github.com/decred/vspd/types/v2 v2.1.0/go.mod h1:2xnNqedkt9GuL+pK8uIzDxqYxFlwLRflYFJH64b76n0=
github.com/decred/vspd/types/v3 v3.0.0 h1:jHlQIpp6aCjIcFs8WE3AaVCJe1kgepNTq+nkBKAyQxk=
github.com/decred/vspd/types/v3 v3.0.0/go.mod h1:hwifRZu6tpkbhSg2jZCUwuPaO/oETgbSCWCYJd4XepY=
github.com/dgraph-io/badger v1.6.2 h1:mNw0qs90GVgGGWylh0umH5iag1j6n/PeJtNvL6KY/x8=
github.com/dgraph-io/badger v1.6.2/go.mod h1:JW2yswe3V058sS0kZ2h/AXeDSqFjxnZcRrVH//y2UQE=
github.com/dgraph-io/ristretto v0.0.2/go.mod h1:KPxhHT9ZxKefz+PCeOGsrHpl1qZ7i70dGTu2u+Ahh6E=
github.com/dgraph-io/ristretto v0.0.3-0.20200630154024-f66de99634de h1:t0UHb5vdojIDUqktM6+xJAfScFBsVpXZmqC9dsgJmeA=
github.com/dgraph-io/ristretto v0.0.3-0.20200630154024-f66de99634de/go.mod h1:KPxhHT9ZxKefz+PCeOGsrHpl1qZ7i70dGTu2u+Ahh6E=
github.com/dgryski/go-farm v0.0.0-20190423205320-6a90982ecee2 h1:tdlZCpZ/P9DhczCTSixgIKmwPv6+wP5DGjqLYw5SUiA=
github.com/dgryski/go-farm v0.0.0-20190423205320-6a90982ecee2/go.mod h1:SqUrOPUnsFjfmXRMNPybcSiG0BgUW2AuFH8PAnS2iTw=
github.com/dustin/go-humanize v1.0.0/go.mod h1:HtrtbFcZ19U5GC7JDqmcUSB87Iq5E25KnS6fMYU6eOk=
github.com/dustin/go-humanize v1.0.1 h1:GzkhY7T5VNhEkwH0PVJgjz+fX1rhBrR7pRT3mDkpeCY=
github.com/dustin/go-humanize v1.0.1/go.mod h1:Mu1zIs6XwVuF/gI1OepvI0qD18qycQx+mFykh5fBlto=
github.com/fogleman/gg v1.3.0 h1:/7zJX8F6AaYQc57WQCyN9cAIz+4bCJGO9B+dyW29am8=
github.com/fogleman/gg v1.3.0/go.mod h1:R/bRT+9gY/C5z7JzPU0zXsXHKM4/ayA+zqcVNZzPa1k=
github.com/fsnotify/fsnotify v1.4.7/go.mod h1:jwhsz4b93w/PPRr/qN1Yymfu8t87LnFCMoQvtojpjFo=
github.com/fsnotify/fsnotify v1.4.9/go.mod h1:znqG4EE+3YCdAaPaxE2ZRY/06pZUdp0tY4IgpuI1SZQ=
github.com/fsnotify/fsnotify v1.6.0 h1:n+5WquG0fcWoWp6xPWfHdbskMCQaFnG6PfBrh1Ky4HY=
github.com/fsnotify/fsnotify v1.6.0/go.mod h1:sl3t1tCWJFWoRz9R8WJCbQihKKwmorjAbSClcnxKAGw=
github.com/gen2brain/beeep v0.0.0-20220402123239-6a3042f4b71a h1:fwNLHrP5Rbg/mGSXCjtPdpbqv2GucVTA/KMi8wEm6mE=
github.com/gen2brain/beeep v0.0.0-20220402123239-6a3042f4b71a/go.mod h1:/WeFVhhxMOGypVKS0w8DUJxUBbHypnWkUVnW7p5c9Pw=
github.com/go-logr/logr v1.4.3 h1:CjnDlHq8ikf6E492q6eKboGOC0T8CDaOvkHCIg8idEI=
github.com/go-logr/logr v1.4.3/go.mod h1:9T104GzyrTigFIr8wt5mBrctHMim0Nb2HLGrmQ40KvY=
github.com/go-ole/go-ole v1.2.5/go.mod h1:pprOEPIfldk/42T2oK7lQ4v4JSDwmV0As9GaiUsvbm0=
github.com/go-ole/go-ole v1.3.0 h1:Dt6ye7+vXGIKZ7Xtk4s6/xVdGDQynvom7xCFEdWr6uE=
github.com/go-ole/go-ole v1.3.0/go.mod h1:5LS6F96DhAwUc7C+1HLexzMXY1xGRSryjyPPKW6zv78=
github.com/go-task/slim-sprig v0.0.0-20210107165309-348f09dbbbc0/go.mod h1:fyg7847qk6SyHyPtNmDHnmrv/HOrqktSC+C9fM+CJOE=
github.com/go-text/typesetting v0.1.1 h1:bGAesCuo85nXnEN5LmFMVGAGpGkCPtHrZLi//qD7EJo=
github.com/go-text/typesetting v0.1.1/go.mod h1:d22AnmeKq/on0HNv73UFriMKc4Ez6EqZAofLhAzpSzI=
github.com/go-text/typesetting-utils v0.0.0-20231211103740-d9332ae51f04 h1:zBx+p/W2aQYtNuyZNcTfinWvXBQwYtDfme051PR/lAY=
github.com/go-text/typesetting-utils v0.0.0-20231211103740-d9332ae51f04/go.mod h1:DDxDdQEnB70R8owOx3LVpEFvpMK9eeH1o2r0yZhFI9o=
github.com/go-toast/toast v0.0.0-20190211030409-01e6764cf0a4 h1:qZNfIGkIANxGv/OqtnntR4DfOY2+BgwR60cAcu/i3SE=
github.com/go-toast/toast v0.0.0-20190211030409-01e6764cf0a4/go.mod h1:kW3HQ4UdaAyrUCSSDR4xUzBKW6O2iA4uHhk7AtyYp10=
github.com/godbus/dbus/v5 v5.1.0 h1:4KLkAxT3aOY8Li4FRJe/KvhoNFFxo0m6fNuFUO8QJUk=
github.com/godbus/dbus/v5 v5.1.0/go.mod h1:xhWf0FNVPg57R7Z0UbKHbJfkEywrmjJnf7w5xrFpKfA=
github.com/golang/freetype v0.0.0-20170609003504-e2365dfdc4a0 h1:DACJavvAHhabrF08vX0COfcOBJRhZ8lUbR+ZWIs0Y5g=
github.com/golang/freetype v0.0.0-20170609003504-e2365dfdc4a0/go.mod h1:E/TSTwGwJL78qG/PmXZO1EjYhfJinVAhrmmHX6Z8B9k=
github.com/golang/protobuf v1.2.0/go.mod h1:6lQm79b+lXiMfvg/cZm0SGofjICqVBUtrP5yJMmIC1U=
github.com/golang/protobuf v1.3.1/go.mod h1:6lQm79b+lXiMfvg/cZm0SGofjICqVBUtrP5yJMmIC1U=
github.com/golang/protobuf v1.4.0-rc.1/go.mod h1:ceaxUfeHdC40wWswd/P6IGgMaK3YpKi5j83Wpe3EHw8=
github.com/golang/protobuf v1.4.0-rc.1.0.20200221234624-67d41d38c208/go.mod h1:xKAWHe0F5eneWXFV3EuXVDTCmh+JuBKY0li0aMyXATA=
github.com/golang/protobuf v1.4.0-rc.2/go.mod h1:LlEzMj4AhA7rCAGe4KMBDvJI+AwstrUpVNzEA03Pprs=
github.com/golang/protobuf v1.4.0-rc.4.0.20200313231945-b860323f09d0/go.mod h1:WU3c8KckQ9AFe+yFwt9sWVRKCVIyN9cPHBJSNnbL67w=
github.com/golang/protobuf v1.4.0/go.mod h1:jodUvKwWbYaEsadDk5Fwe5c77LiNKVO9IDvqG2KuDX0=
github.com/golang/protobuf v1.4.2/go.mod h1:oDoupMAO8OvCJWAcko0GGGIgR6R6ocIYbsSw735rRwI=
github.com/golang/protobuf v1.5.4 h1:i7eJL8qZTpSEXOPTxNKhASYpMn+8e5Q6AdndVa1dWek=
github.com/golang/protobuf v1.5.4/go.mod h1:lnTiLA8Wa4RWRcIUkrtSVa5nRhsEGBg48fD6rSs7xps=
github.com/golang/snappy v0.0.0-20180518054509-2e65f85255db/go.mod h1:/XxbfmMg8lxefKM7IXC3fBNl/7bRcc72aCRzEWrmP2Q=
github.com/golang/snappy v0.0.4/go.mod h1:/XxbfmMg8lxefKM7IXC3fBNl/7bRcc72aCRzEWrmP2Q=
github.com/golang/snappy v0.0.5-0.20220116011046-fa5810519dcb h1:PBC98N2aIaM3XXiurYmW7fx4GZkL8feAMVq7nEjURHk=
github.com/golang/snappy v0.0.5-0.20220116011046-fa5810519dcb/go.mod h1:/XxbfmMg8lxefKM7IXC3fBNl/7bRcc72aCRzEWrmP2Q=
github.com/gomarkdown/markdown v0.0.0-20230922105210-14b16010c2ee h1:gvsnG+uIVkOue7HrYAG2ZnOdLoJTqsLyuBFJaU0kX4M=
github.com/gomarkdown/markdown v0.0.0-20230922105210-14b16010c2ee/go.mod h1:JDGcbDT52eL4fju3sZ4TeHGsQwhG9nbDV21aMyhwPoA=
github.com/google/go-cmp v0.3.0/go.mod h1:8QqcDgzrUqlUb/G2PQTWiueGozuR1884gddMywk6iLU=
github.com/google/go-cmp v0.3.1/go.mod h1:8QqcDgzrUqlUb/G2PQTWiueGozuR1884gddMywk6iLU=
github.com/google/go-cmp v0.4.0/go.mod h1:v8dTdLbMG2kIc/vJvl+f65V22dbkXbowE6jgT/gNBxE=
github.com/google/go-cmp v0.7.0 h1:wk8382ETsv4JYUZwIsn6YpYiWiBsYLSJiTsyBybVuN8=
github.com/google/go-cmp v0.7.0/go.mod h1:pXiqmnSA92OHEEa9HXL2W4E7lf9JzCmGVUdgjX3N/iU=
github.com/gorilla/websocket v1.5.1 h1:gmztn0JnHVt9JZquRuzLw3g4wouNVzKL15iLr/zn/QY=
github.com/gorilla/websocket v1.5.1/go.mod h1:x3kM2JMyaluk02fnUJpQuwD2dCS5NDG2ZHL0uE0tcaY=
github.com/hashicorp/hcl v1.0.0/go.mod h1:E5yfLk+7swimpb2L/Alb/PJmXilQ/rhwaUYs4T20WEQ=
github.com/hpcloud/tail v1.0.0/go.mod h1:ab1qPbhIpdTxEkNHXyeSf5vhxWSCs/tWer42PpOxQnU=
github.com/inconshreveable/mousetrap v1.0.0/go.mod h1:PxqpIevigyE2G7u3NXJIT2ANytuPF1OarO4DADm73n8=
github.com/jessevdk/go-flags v1.5.0 h1:1jKYvbxEjfUl0fmqTCOfonvskHHXMjBySTLW4y9LFvc=
github.com/jessevdk/go-flags v1.5.0/go.mod h1:Fw0T6WPc1dYxT4mKEZRfG5kJhaTDP9pj1c2EWnYs/m4=
github.com/jrick/bitset v1.0.0 h1:Ws0PXV3PwXqWK2n7Vz6idCdrV/9OrBXgHEJi27ZB9Dw=
github.com/jrick/bitset v1.0.0/go.mod h1:ZOYB5Uvkla7wIEY4FEssPVi3IQXa02arznRaYaAEPe4=
github.com/jrick/logrotate v1.0.0 h1:lQ1bL/n9mBNeIXoTUoYRlK4dHuNJVofX9oWqBtPnSzI=
github.com/jrick/logrotate v1.0.0/go.mod h1:LNinyqDIJnpAur+b8yyulnQw/wDuN1+BYKlTRt3OuAQ=
github.com/jrick/wsrpc/v2 v2.3.8 h1:9vfM8o9g00HXQb/3D6+Y9Cy1uybjD7K1272vtdXXBps=
github.com/jrick/wsrpc/v2 v2.3.8/go.mod h1:Ha6uT2AOjHkaiBWMjWfWUFvjDrppbfy0ghLKxPPYmY4=
github.com/kevinburke/nacl v0.0.0-20190829012316-f3ed23dbd7f8 h1:YFXjWLfS9lQsxu8GQTQo+O7sjK+6M9njoBOnvVLc9kw=
github.com/kevinburke/nacl v0.0.0-20190829012316-f3ed23dbd7f8/go.mod h1:VUp2yfq+wAk8hMl3NNN34fXjzUD9xMpGvUL8eSJz9Ns=
github.com/klauspost/cpuid/v2 v2.2.8 h1:+StwCXwm9PdpiEkPyzBXIy+M9KUb4ODm0Zarf1kS5BM=
github.com/klauspost/cpuid/v2 v2.2.8/go.mod h1:Lcz8mBdAVJIBVzewtcLocK12l3Y+JytZYpaMropDUws=
github.com/kr/pretty v0.1.0/go.mod h1:dAy3ld7l9f0ibDNOQOHHMYYIIbhfbHSm3C4ZsoJORNo=
github.com/kr/pretty v0.2.0/go.mod h1:ipq/a2n7PKx3OHsz4KJII5eveXtPO4qwEXGdVfWzfnI=
github.com/kr/pretty v0.2.1/go.mod h1:ipq/a2n7PKx3OHsz4KJII5eveXtPO4qwEXGdVfWzfnI=
github.com/kr/pretty v0.3.1 h1:flRD4NNwYAUpkphVc1HcthR4KEIFJ65n8Mw5qdRn3LE=
github.com/kr/pretty v0.3.1/go.mod h1:hoEshYVHaxMs3cyo3Yncou5ZscifuDolrwPKZanG3xk=
github.com/kr/pty v1.1.1/go.mod h1:pFQYn66WHrOpPYNljwOMqo10TkYh1fy3cYio2l3bCsQ=
github.com/kr/text v0.1.0/go.mod h1:4Jbv+DJW3UT/LiOwJeYQe1efqtUx/iVham/4vfdArNI=
github.com/kr/text v0.2.0 h1:5Nx0Ya0ZqY2ygV366QzturHI13Jq95ApcVaJBhpS+AY=
github.com/kr/text v0.2.0/go.mod h1:eLer722TekiGuMkidMxC/pM04lWEeraHUUmBw8l2grE=
github.com/magiconair/properties v1.8.0/go.mod h1:PppfXfuXeibc/6YijjN8zIbojt8czPbwD3XqdrwzmxQ=
github.com/makiuchi-d/gozxing v0.1.1 h1:xxqijhoedi+/lZlhINteGbywIrewVdVv2wl9r5O9S1I=
github.com/makiuchi-d/gozxing v0.1.1/go.mod h1:eRIHbOjX7QWxLIDJoQuMLhuXg9LAuw6znsUtRkNw9DU=
github.com/mitchellh/go-homedir v1.1.0/go.mod h1:SfyaCUpYCn1Vlf4IUYiD9fPX4A5wJrkLzIz1N1q0pr0=
github.com/mitchellh/mapstructure v1.1.2/go.mod h1:FVVH3fgwuzCH5S8UJGiWEs2h04kUh9fWfEaFds41c1Y=
github.com/monetarium/monetarium-explorer v0.0.0-20260420121235-777c59db0ae4 h1:eOPbeUkQ/qxf3KFEpxJni/0p4ha5hsLv6AcGTZWex1Y=
github.com/monetarium/monetarium-explorer v0.0.0-20260420121235-777c59db0ae4/go.mod h1:wqAtkwysGv0NdHX9U8cmk5FNr8NBZL80MuC4pSzWesU=
github.com/monetarium/monetarium-node/addrmgr v1.3.6 h1:qwb4TpZyp0xNEVK+Jf8HOUGXCQu4mhoyOttm1u9Q1xk=
github.com/monetarium/monetarium-node/addrmgr v1.3.6/go.mod h1:HAh/VqcKrP30y1K5JykbMqtIE5eP47b6O1Lt6Sxvmcg=
github.com/monetarium/monetarium-node/blockchain v1.3.6 h1:igxIvnbbZWPXLHQ8Mxff0nxiG8b3uqvresSOyC7/uXQ=
github.com/monetarium/monetarium-node/blockchain v1.3.6/go.mod h1:i7mMvfWjct3BqWUEQImJPC3KyUkR3Aw4xHrkn8gueK4=
github.com/monetarium/monetarium-node/blockchain/stake v1.3.6 h1:e9W9rc7I4F5XZ2SL3FcAVyNhFRUnlZ/CtpAjAFlO8co=
github.com/monetarium/monetarium-node/blockchain/stake v1.3.6/go.mod h1:d4ECj69XJT+XZQF/pFCtGQnNy+12z2PzlQ6uE80ImXg=
github.com/monetarium/monetarium-node/blockchain/standalone v1.3.6 h1:LKYIdWTMcIc1VRGs21bN1LHE4B0JuDKgliA7DNaEIRw=
github.com/monetarium/monetarium-node/blockchain/standalone v1.3.6/go.mod h1:/Ywf3fejsBmQPB0fTS+PG5q8TLxTfCdD7PIiJFS35Ds=
github.com/monetarium/monetarium-node/chaincfg v1.3.6 h1:Y8iQQRrzxEoFAilKa2lmsC8p6DhHuw/R7O1pR3ojckw=
github.com/monetarium/monetarium-node/chaincfg v1.3.6/go.mod h1:/qTII0UFTN4dsSZua10We2BUl1Il/zx8sLbeDvNGcFA=
github.com/monetarium/monetarium-node/chaincfg/chainhash v1.3.6 h1:oiODE75do59JHT81BMQxMM1Ep8lFRadGCVt11FtToc4=
github.com/monetarium/monetarium-node/chaincfg/chainhash v1.3.6/go.mod h1:gmo2GhTOc5gNM0p9y2wG2kyocjNjR8KOKMzBmpVKPjg=
github.com/monetarium/monetarium-node/cointype v1.3.6 h1:Nuo7Bh8L3aoTbpa3QLfR1oiYFx7ghf/xrRNEwtAJyqA=
github.com/monetarium/monetarium-node/cointype v1.3.6/go.mod h1:yhixKskK9FBKjKoH07NzgvEGPCOjW5iaLhgtfAO7808=
github.com/monetarium/monetarium-node/connmgr v1.3.6 h1:wTSBys+Ivki8la5Qdeok30MSC5Mj5iMjdeUB7xyf1Ws=
github.com/monetarium/monetarium-node/connmgr v1.3.6/go.mod h1:uhlyEtY2zLlq1LDqSOZbH7yk/Nw7/BQIPohFt3uN8L8=
github.com/monetarium/monetarium-node/container/lru v1.3.6 h1:mwOtEtlmx+ypCaEXul9UYvz79opFYg9ChIQ3FoajtPQ=
github.com/monetarium/monetarium-node/container/lru v1.3.6/go.mod h1:pQJXVFxz3YDq9Sa9s+eCeUI40TwGwR0n/VOhO0yuxFA=
github.com/monetarium/monetarium-node/crypto/blake256 v1.3.6 h1:a752f6+Ii6VJuyzRQiux2OTmxYwU+J9LZb5Ue4FqkZg=
github.com/monetarium/monetarium-node/crypto/blake256 v1.3.6/go.mod h1:+dUk+/kJYZCEfhySioeBRQD7l8yHVm3Q3g7Gd3lRjHk=
github.com/monetarium/monetarium-node/crypto/rand v1.3.6 h1:Gv328I+i3MsYk/5HdUbW6Ky9wlsLOGtStQkOA6Zrack=
github.com/monetarium/monetarium-node/crypto/rand v1.3.6/go.mod h1:3fOYD2Kid37bBjUuVa0lZEIcHE8pFs7D2eNz4vdTo88=
github.com/monetarium/monetarium-node/crypto/ripemd160 v1.3.6 h1:VPBlTy+T+akBNaxgva0GyZSpRG3l9Fb7lGcucdcGKTE=
github.com/monetarium/monetarium-node/crypto/ripemd160 v1.3.6/go.mod h1:5IaiDGHDPLi+4j30Ik9PwBthqhjhXGw54gCL3uU7dNo=
github.com/monetarium/monetarium-node/database v1.3.6 h1:NvJ31jaDBUwJKN4vTbgaTRT4S3E34mdS/ibw7ZAT/20=
github.com/monetarium/monetarium-node/database v1.3.6/go.mod h1:6aXk/F+mqBCi+t2iQyCPGXzQh8arEbdC1gELaTL6xUw=
github.com/monetarium/monetarium-node/dcrec v1.3.6 h1:lymXoy/lAvs+ZinMTy8bIzrKmXUHUREEXQqVWWqu6mo=
github.com/monetarium/monetarium-node/dcrec v1.3.6/go.mod h1:raW6YB1vSdu7TzY3x0usHwV4jZket1Oh9Wt4mGF/h7w=
github.com/monetarium/monetarium-node/dcrec/edwards v1.3.6 h1:jNCqCGQoWDIJ5YpDabOwiJXX+z73cMSQ38uQQM0jmzg=
github.com/monetarium/monetarium-node/dcrec/edwards v1.3.6/go.mod h1:JZ5o47og3/d9CcTLhS7zclQnRzwv6JgHI8Og91F1Yi8=
github.com/monetarium/monetarium-node/dcrec/secp256k1 v1.3.6 h1:fPIitSZqOWeWtDGub6lenpPBLzQN5r/r5IL1MM8k4Uo=
github.com/monetarium/monetarium-node/dcrec/secp256k1 v1.3.6/go.mod h1:EP4CYeuAEM3jKniz5keWwbxwHwlT+r1lz1lCkLSNy9g=
github.com/monetarium/monetarium-node/dcrjson v1.3.6 h1:IZaUqgoGkagQpa0FTHTi60Gb1n6PABFfcfAjh3jb7lI=
github.com/monetarium/monetarium-node/dcrjson v1.3.6/go.mod h1:Ad5qhZHbEd2llUuLTD/THfaCrL+aYP0aGsTxmRQjbCo=
github.com/monetarium/monetarium-node/dcrutil v1.3.6 h1:vi9dSaqjbSkIrL7/b9rucF7X/t0TJPZ8WU4RYbiG8mw=
github.com/monetarium/monetarium-node/dcrutil v1.3.6/go.mod h1:5Gp+78a2rvDJAohhwEIk5vrpErvwmAm1DSp/OwmjTJo=
github.com/monetarium/monetarium-node/gcs v1.3.6 h1:4kjtzUQms05Ug94He+Wx4jsyMbz+8CUDI7OcbeyZcVs=
github.com/monetarium/monetarium-node/gcs v1.3.6/go.mod h1:KxBxAUnX2fhnNqp998taWsz983tBcrl3xtmavxfXJpQ=
github.com/monetarium/monetarium-node/hdkeychain v1.3.6 h1:M/4ZUelzznbZTDwHRxQ2ShRd+nF5AK3RhG2L0Wxvjgc=
github.com/monetarium/monetarium-node/hdkeychain v1.3.6/go.mod h1:ekaHneGQBqdTmOTR57vIaKMwPHypo/djGD9q3H/nuhE=
github.com/monetarium/monetarium-node/mixing v1.3.6 h1:SrWJ/I15Wx8INkOwnyezvmoojasX+w9+OafkrF434/k=
github.com/monetarium/monetarium-node/mixing v1.3.6/go.mod h1:uXiD4r3XdMj0K+B0kJShBLucYeHbccscEf0qAlFvnE8=
github.com/monetarium/monetarium-node/rpc/jsonrpc/types v1.3.6 h1:dZzijgzlEj8FRrB3tkvaVCZDwTqSI4uzGBBgpP8yCJw=
github.com/monetarium/monetarium-node/rpc/jsonrpc/types v1.3.6/go.mod h1:mjwuDnpqqOY4bg6vFi26c+eH0UikLHCtpvMoz0FtJa8=
github.com/monetarium/monetarium-node/txscript v1.3.6 h1:tJQSmeD+4Amy0tqgzzuwIw2dETheak9fpVKiIHtmLDw=
github.com/monetarium/monetarium-node/txscript v1.3.6/go.mod h1:6aCmnGIa/N6kf0ToYVApgar/mjCHL3IIc4/hAUH0YZA=
github.com/monetarium/monetarium-node/wire v1.3.6 h1:SIfUBtJqaMnfPQx0FkIx5aW6xJBzrg/JnAaCGMtIKC0=
github.com/monetarium/monetarium-node/wire v1.3.6/go.mod h1:A9+kp+zW73b88RIVBjSHR9t0O1IOGComCkp2y1/UKiA=
github.com/nu7hatch/gouuid v0.0.0-20131221200532-179d4d0c4d8d h1:VhgPp6v9qf9Agr/56bj7Y/xa04UccTW04VP0Qed4vnQ=
github.com/nu7hatch/gouuid v0.0.0-20131221200532-179d4d0c4d8d/go.mod h1:YUTz3bUH2ZwIWBy3CJBeOBEugqcmXREj14T+iG/4k4U=
github.com/nxadm/tail v1.4.4/go.mod h1:kenIhsEOeOJmVchQTgglprH7qJGnHDVpk1VPCcaMI8A=
github.com/nxadm/tail v1.4.8 h1:nPr65rt6Y5JFSKQO7qToXr7pePgD6Gwiw05lkbyAQTE=
github.com/nxadm/tail v1.4.8/go.mod h1:+ncqLTQzXmGhMZNUePPaPqPvBxHAIsmXswZKocGu+AU=
github.com/onsi/ginkgo v1.6.0/go.mod h1:lLunBs/Ym6LB5Z9jYTR76FiuTmxDTDusOGeTQH+WWjE=
github.com/onsi/ginkgo v1.12.1/go.mod h1:zj2OWP4+oCPe1qIXoGWkgMRwljMUYCdkwsT2108oapk=
github.com/onsi/ginkgo v1.14.0/go.mod h1:iSB4RoI2tjJc9BBv4NKIKWKya62Rps+oPG/Lv9klQyY=
github.com/onsi/ginkgo v1.16.5 h1:8xi0RTUf59SOSfEtZMvwTvXYMzG4gV23XVHOZiXNtnE=
github.com/onsi/ginkgo v1.16.5/go.mod h1:+E8gABHa3K6zRBolWtd+ROzc/U5bkGt0FwiG042wbpU=
github.com/onsi/ginkgo/v2 v2.8.1 h1:xFTEVwOFa1D/Ty24Ws1npBWkDYEV9BqZrsDxVrVkrrU=
github.com/onsi/ginkgo/v2 v2.8.1/go.mod h1:N1/NbDngAFcSLdyZ+/aYTYGSlq9qMCS/cNKGJjy+csc=
github.com/onsi/gomega v1.7.1/go.mod h1:XdKZgCCFLUoM/7CFJVPcG8C1xQ1AJ0vpAezJrB7JYyY=
github.com/onsi/gomega v1.10.1/go.mod h1:iN09h71vgCQne3DLsj+A5owkum+a2tYe+TOCB1ybHNo=
github.com/onsi/gomega v1.27.1 h1:rfztXRbg6nv/5f+Raen9RcGoSecHIFgBBLQK3Wdj754=
github.com/onsi/gomega v1.27.1/go.mod h1:aHX5xOykVYzWOV4WqQy0sy8BQptgukenXpCXfadcIAw=
github.com/pelletier/go-toml v1.2.0/go.mod h1:5z9KED0ma1S8pY6P1sdut58dfprrGBbd/94hg7ilaic=
github.com/pkg/errors v0.8.1/go.mod h1:bwawxfHBFNV+L2hUp1rHADufV3IMtnDRdf1r5NINEl0=
github.com/pkg/errors v0.9.1 h1:FEBLx1zS214owpjy7qsBeixbURkuhQAwrK5UwLGTwt4=
github.com/pkg/errors v0.9.1/go.mod h1:bwawxfHBFNV+L2hUp1rHADufV3IMtnDRdf1r5NINEl0=
github.com/pmezard/go-difflib v1.0.0 h1:4DBwDE0NGyQoBHbLQYPwSUPoCMWR5BEzIk/f1lZbAQM=
github.com/pmezard/go-difflib v1.0.0/go.mod h1:iKH77koFhYxTK1pcRnkKkqfTogsbg7gZNVY4sRDYZ/4=
github.com/rogpeppe/go-internal v1.13.1 h1:KvO1DLK/DRN07sQ1LQKScxyZJuNnedQ5/wKSR38lUII=
github.com/rogpeppe/go-internal v1.13.1/go.mod h1:uMEvuHeurkdAXX61udpOXGD/AzZDWNMNyH2VO9fmH0o=
github.com/russross/blackfriday v1.5.2/go.mod h1:JO/DiYxRf+HjHt06OyowR9PTA263kcR/rfWxYHBV53g=
github.com/sebdah/goldie/v2 v2.5.1 h1:hh70HvG4n3T3MNRJN2z/baxPR8xutxo7JVxyi2svl+s=
github.com/sebdah/goldie/v2 v2.5.1/go.mod h1:oZ9fp0+se1eapSRjfYbsV/0Hqhbuu3bJVvKI/NNtssI=
github.com/sergi/go-diff v1.0.0/go.mod h1:0CfEIISq7TuYL3j771MWULgwwjU+GofnZX9QAmXWZgo=
github.com/sergi/go-diff v1.1.0/go.mod h1:STckp+ISIX8hZLjrqAeVduY0gWCT9IjLuqbuNXdaHfM=
github.com/sergi/go-diff v1.2.0 h1:XU+rvMAioB0UC3q1MFrIQy4Vo5/4VsRDQQXHsEya6xQ=
github.com/sergi/go-diff v1.2.0/go.mod h1:STckp+ISIX8hZLjrqAeVduY0gWCT9IjLuqbuNXdaHfM=
github.com/shirou/gopsutil v3.21.4-0.20210419000835-c7a38de76ee5+incompatible h1:Bn1aCHHRnjv4Bl16T8rcaFjYSrGrIZvpiGO6P3Q4GpU=
github.com/shirou/gopsutil v3.21.4-0.20210419000835-c7a38de76ee5+incompatible/go.mod h1:5b4v6he4MtMOwMlS0TUMTu2PcXUg8+E1lC7eC3UO/RA=
github.com/spaolacci/murmur3 v0.0.0-20180118202830-f09979ecbc72/go.mod h1:JwIasOWyU6f++ZhiEuf87xNszmSA2myDM2Kzu9HwQUA=
github.com/spaolacci/murmur3 v1.1.0 h1:7c1g84S4BPRrfL5Xrdp6fOJ206sU9y293DDHaoy0bLI=
github.com/spaolacci/murmur3 v1.1.0/go.mod h1:JwIasOWyU6f++ZhiEuf87xNszmSA2myDM2Kzu9HwQUA=
github.com/spf13/afero v1.1.2/go.mod h1:j4pytiNVoe2o6bmDsKpLACNPDBIoEAkihy7loJ1B0CQ=
github.com/spf13/cast v1.3.0/go.mod h1:Qx5cxh0v+4UWYiBimWS+eyWzqEqokIECu5etghLkUJE=
github.com/spf13/cobra v0.0.5/go.mod h1:3K3wKZymM7VvHMDS9+Akkh4K60UwM26emMESw8tLCHU=
github.com/spf13/jwalterweatherman v1.0.0/go.mod h1:cQK4TGJAtQXfYWX+Ddv3mKDzgVb68N+wFjFa4jdeBTo=
github.com/spf13/pflag v1.0.3/go.mod h1:DYY7MBk1bdzusC3SYhjObp+wFpr4gzcvqqNjLnInEg4=
github.com/spf13/viper v1.3.2/go.mod h1:ZiWeW+zYFKm7srdB9IoDzzZXaJaI5eL9QjNiN/DMA2s=
github.com/stretchr/objx v0.1.0/go.mod h1:HFkY916IF+rwdDfMAkV7OtwuqBVzrE8GR6GFx+wExME=
github.com/stretchr/testify v1.2.2/go.mod h1:a8OnRcib4nhh0OaRAV+Yts87kKdq0PP7pXfy6kDkUVs=
github.com/stretchr/testify v1.3.0/go.mod h1:M5WIy9Dh21IEIfnGCwXGc5bZfKNJtfHm1UVUgZn+9EI=
github.com/stretchr/testify v1.4.0/go.mod h1:j7eGeouHqKxXV5pUuKE4zz7dFj8WfuZ+81PSLYec5m4=
github.com/stretchr/testify v1.5.1/go.mod h1:5W2xD1RspED5o8YsWQXVCued0rvSQ+mT+I5cxcmMvtA=
github.com/stretchr/testify v1.7.0/go.mod h1:6Fq8oRcR53rry900zMqJjRRixrwX3KX962/h/Wwjteg=
github.com/stretchr/testify v1.10.0 h1:Xv5erBjTwe/5IxqUQTdXv5kgmIvbHo3QQyRwhJsOfJA=
github.com/stretchr/testify v1.10.0/go.mod h1:r2ic/lqez/lEtzL7wO/rwa5dbSLXVDPFyf8C91i36aY=
github.com/syndtr/goleveldb v1.0.1-0.20210819022825-2ae1ddf74ef7 h1:epCh84lMvA70Z7CTTCmYQn2CKbY8j86K7/FAIr141uY=
github.com/syndtr/goleveldb v1.0.1-0.20210819022825-2ae1ddf74ef7/go.mod h1:q4W45IWZaF22tdD+VEXcAWRA037jwmWEB5VWYORlTpc=
github.com/tadvi/systray v0.0.0-20190226123456-11a2b8fa57af h1:6yITBqGTE2lEeTPG04SN9W+iWHCRyHqlVYILiSXziwk=
github.com/tadvi/systray v0.0.0-20190226123456-11a2b8fa57af/go.mod h1:4F09kP5F+am0jAwlQLddpoMDM+iewkxxt6nxUQ5nq5o=
github.com/tyler-smith/go-bip39 v1.1.0 h1:5eUemwrMargf3BSLRRCalXT93Ns6pQJIjYQN2nyfOP8=
github.com/tyler-smith/go-bip39 v1.1.0/go.mod h1:gUYDtqQw1JS3ZJ8UWVcGTGqqr6YIN3CWg+kkNaLt55U=
github.com/ugorji/go/codec v0.0.0-20181204163529-d75b2dcb6bc8/go.mod h1:VFNgLljTbGfSG7qAOspJ7OScBnGdDN/yBr0sguwnwf0=
github.com/vmihailenco/msgpack v4.0.1+incompatible h1:RMF1enSPeKTlXrXdOcqjFUElywVZjjC6pqse21bKbEU=
github.com/vmihailenco/msgpack v4.0.1+incompatible/go.mod h1:fy3FlTQTDXWkZ7Bh6AcGMlsjHatGryHQYUTf1ShIgkk=
github.com/xordataexchange/crypt v0.0.3-0.20170626215501-b2862e3d0a77/go.mod h1:aYKd//L2LvnjZzWKhF00oedf4jCCReLcmhLdhm1A27Q=
github.com/yeqown/go-qrcode v1.5.1 h1:JVt8nVcaLHgvimGPjRviUJ7VpxB1nz7Yn8hh5mZYwl8=
github.com/yeqown/go-qrcode v1.5.1/go.mod h1:C1eAU4Jure3vqD56kqzeSLaX84MHg3fZAMNID4nXX+Y=
github.com/yeqown/reedsolomon v1.0.0 h1:x1h/Ej/uJnNu8jaX7GLHBWmZKCAWjEJTetkqaabr4B0=
github.com/yeqown/reedsolomon v1.0.0/go.mod h1:P76zpcn2TCuL0ul1Fso373qHRc69LKwAw/Iy6g1WiiM=
github.com/yuin/goldmark v1.2.0/go.mod h1:3hX8gzYuyVAZsxl0MRgGTJEmQBFcNTphYh9decYSb74=
github.com/yuin/goldmark v1.2.1/go.mod h1:3hX8gzYuyVAZsxl0MRgGTJEmQBFcNTphYh9decYSb74=
github.com/yuin/goldmark v1.4.13 h1:fVcFKWvrslecOb/tg+Cc05dkeYx540o0FuFt3nUVDoE=
github.com/yuin/goldmark v1.4.13/go.mod h1:6yULJ656Px+3vBD8DxQVa3kxgyrAnzto9xy5taEt/CY=
go.etcd.io/bbolt v1.3.0/go.mod h1:IbVyRI1SCnLcuJnV2u8VeU0CEYM7e686BmAb1XKL+uU=
go.etcd.io/bbolt v1.3.12 h1:UAxZAIuJqzFwByP19gZC3zd5robK3FOangrGS+Fdczg=
go.etcd.io/bbolt v1.3.12/go.mod h1:Gi2toLZr1jFkuReJm+yEPn7H8wk6ooptePtHYCbCS1g=
golang.org/x/crypto v0.0.0-20181203042331-505ab145d0a9/go.mod h1:6SG95UA2DQfeDnfUPMdvaQW0Q7yPrPDi9nlGo2tz2b4=
golang.org/x/crypto v0.0.0-20190308221718-c2843e01d9a2/go.mod h1:djNgcEr1/C05ACkg1iLfiJU5Ep61QUkGW8qpdssI0+w=
golang.org/x/crypto v0.0.0-20191011191535-87dc89f01550/go.mod h1:yigFU9vqHzYiE8UmvKecakEJjdnWj3jj499lnFckfCI=
golang.org/x/crypto v0.0.0-20200622213623-75b288015ac9/go.mod h1:LzIPMQfyMNhhGPhUkYOs5KpL4U8rLKemX1yGLhDgUto=
golang.org/x/crypto v0.0.0-20210921155107-089bfa567519/go.mod h1:GvvjBRRGRdwPK5ydBHafDWAxML/pGHZbMvKqRZ5+Abc=
golang.org/x/crypto v0.45.0 h1:jMBrvKuj23MTlT0bQEOBcAE0mjg8mK9RXFhRH6nyF3Q=
golang.org/x/crypto v0.45.0/go.mod h1:XTGrrkGJve7CYK7J8PEww4aY7gM3qMCElcJQ8n8JdX4=
golang.org/x/exp v0.0.0-20231110203233-9a3e6036ecaa h1:FRnLl4eNAQl8hwxVVC17teOw8kdjVDVAiFMtgUdTSRQ=
golang.org/x/exp v0.0.0-20231110203233-9a3e6036ecaa/go.mod h1:zk2irFbV9DP96SEBUUAy67IdHUaZuSnrz1n472HUCLE=
golang.org/x/exp/shiny v0.0.0-20220827204233-334a2380cb91 h1:ryT6Nf0R83ZgD8WnFFdfI8wCeyqgdXWN4+CkFVNPAT0=
golang.org/x/exp/shiny v0.0.0-20220827204233-334a2380cb91/go.mod h1:VjAR7z0ngyATZTELrBSkxOOHhhlnVUxDye4mcjx5h/8=
golang.org/x/image v0.0.0-20200927104501-e162460cd6b5/go.mod h1:FeLwcggjj3mMvU+oOTbSwawSJRM1uh48EjtB4UJZlP0=
golang.org/x/image v0.10.0 h1:gXjUUtwtx5yOE0VKWq1CH4IJAClq4UGgUA3i+rpON9M=
golang.org/x/image v0.10.0/go.mod h1:jtrku+n79PfroUbvDdeUWMAI+heR786BofxrbiSF+J0=
golang.org/x/mod v0.3.0/go.mod h1:s0Qsj1ACt9ePp/hMypM3fl4fZqREWJwdYDEqhRiZZUA=
golang.org/x/mod v0.6.0-dev.0.20220419223038-86c51ed26bb4/go.mod h1:jJ57K6gSWd91VN4djpZkiMVwK6gcyfeH4XE8wZrZaV4=
golang.org/x/mod v0.8.0/go.mod h1:iBbtSCu2XBx23ZKBPSOrRkjjQPZFPuis4dIYUhu/chs=
golang.org/x/net v0.0.0-20180218175443-cbe0f9307d01/go.mod h1:mL1N/T3taQHkDXs73rZJwtUhF3w3ftmwwsq0BUmARs4=
golang.org/x/net v0.0.0-20180906233101-161cd47e91fd/go.mod h1:mL1N/T3taQHkDXs73rZJwtUhF3w3ftmwwsq0BUmARs4=
golang.org/x/net v0.0.0-20190404232315-eb5bcb51f2a3/go.mod h1:t9HGtf8HONx5eT2rtn7q6eTqICYqUVnKs3thJo3Qplg=
golang.org/x/net v0.0.0-20190603091049-60506f45cf65/go.mod h1:HSz+uSET+XFnRR8LxR5pz3Of3rY3CfYBVs4xY44aLks=
golang.org/x/net v0.0.0-20190620200207-3b0461eec859/go.mod h1:z5CRVTTTmAJ677TzLLGU+0bjPO0LkuOLi4/5GtJWs/s=
golang.org/x/net v0.0.0-20200202094626-16171245cfb2/go.mod h1:z5CRVTTTmAJ677TzLLGU+0bjPO0LkuOLi4/5GtJWs/s=
golang.org/x/net v0.0.0-20200320220750-118fecf932d8/go.mod h1:z5CRVTTTmAJ677TzLLGU+0bjPO0LkuOLi4/5GtJWs/s=
golang.org/x/net v0.0.0-20200520004742-59133d7f0dd7/go.mod h1:qpuaurCH72eLCgpAm/N6yyVIVM9cpaDIP3A8BGJEC5A=
golang.org/x/net v0.0.0-20200813134508-3edf25e44fcc/go.mod h1:/O7V0waA8r7cgGh81Ro3o1hOxt32SMVPicZroKQ2sZA=
golang.org/x/net v0.0.0-20201021035429-f5854403a974/go.mod h1:sp8m0HH+o8qH0wwXwYZr8TS3Oi6o0r6Gce1SSxlDquU=
golang.org/x/net v0.0.0-20210226172049-e18ecbb05110/go.mod h1:m0MpNAwzfU5UDzcl9v0D8zg8gWTRqZa9RBIspLL5mdg=
golang.org/x/net v0.0.0-20220722155237-a158d28d115b/go.mod h1:XRhObCWvk6IyKnWLug+ECip1KBveYUHfp+8e9klMJ9c=
golang.org/x/net v0.6.0/go.mod h1:2Tu9+aMcznHK/AK1HMvgo6xiTLG5rD5rZLDS+rp2Bjs=
golang.org/x/net v0.47.0 h1:Mx+4dIFzqraBXUugkia1OOvlD6LemFo1ALMHjrXDOhY=
golang.org/x/net v0.47.0/go.mod h1:/jNxtkgq5yWUGYkaZGqo27cfGZ1c5Nen03aYrrKpVRU=
golang.org/x/sync v0.0.0-20180314180146-1d60e4601c6f/go.mod h1:RxMgew5VJxzue5/jJTE5uejpjVlOe/izrB70Jof72aM=
golang.org/x/sync v0.0.0-20190423024810-112230192c58/go.mod h1:RxMgew5VJxzue5/jJTE5uejpjVlOe/izrB70Jof72aM=
golang.org/x/sync v0.0.0-20201020160332-67f06af15bc9/go.mod h1:RxMgew5VJxzue5/jJTE5uejpjVlOe/izrB70Jof72aM=
golang.org/x/sync v0.0.0-20220722155255-886fb9371eb4/go.mod h1:RxMgew5VJxzue5/jJTE5uejpjVlOe/izrB70Jof72aM=
golang.org/x/sync v0.1.0/go.mod h1:RxMgew5VJxzue5/jJTE5uejpjVlOe/izrB70Jof72aM=
golang.org/x/sync v0.18.0 h1:kr88TuHDroi+UVf+0hZnirlk8o8T+4MrK6mr60WkH/I=
golang.org/x/sync v0.18.0/go.mod h1:9KTHXmSnoGruLpwFjVSX0lNNA75CykiMECbovNTZqGI=
golang.org/x/sys v0.0.0-20180909124046-d0be0721c37e/go.mod h1:STP8DvDyc/dI5b8T5hshtkjS+E42TnysNCUPdjciGhY=
golang.org/x/sys v0.0.0-20181205085412-a5c9d58dba9a/go.mod h1:STP8DvDyc/dI5b8T5hshtkjS+E42TnysNCUPdjciGhY=
golang.org/x/sys v0.0.0-20190215142949-d0b11bdaac8a/go.mod h1:STP8DvDyc/dI5b8T5hshtkjS+E42TnysNCUPdjciGhY=
golang.org/x/sys v0.0.0-20190412213103-97732733099d/go.mod h1:h1NjWce9XRLGQEsW7wpKNCjG9DtNlClVuFLEZdDNbEs=
golang.org/x/sys v0.0.0-20190626221950-04f50cda93cb/go.mod h1:h1NjWce9XRLGQEsW7wpKNCjG9DtNlClVuFLEZdDNbEs=
golang.org/x/sys v0.0.0-20190904154756-749cb33beabd/go.mod h1:h1NjWce9XRLGQEsW7wpKNCjG9DtNlClVuFLEZdDNbEs=
golang.org/x/sys v0.0.0-20190916202348-b4ddaad3f8a3/go.mod h1:h1NjWce9XRLGQEsW7wpKNCjG9DtNlClVuFLEZdDNbEs=
golang.org/x/sys v0.0.0-20191005200804-aed5e4c7ecf9/go.mod h1:h1NjWce9XRLGQEsW7wpKNCjG9DtNlClVuFLEZdDNbEs=
golang.org/x/sys v0.0.0-20191120155948-bd437916bb0e/go.mod h1:h1NjWce9XRLGQEsW7wpKNCjG9DtNlClVuFLEZdDNbEs=
golang.org/x/sys v0.0.0-20200323222414-85ca7c5b95cd/go.mod h1:h1NjWce9XRLGQEsW7wpKNCjG9DtNlClVuFLEZdDNbEs=
golang.org/x/sys v0.0.0-20200519105757-fe76b779f299/go.mod h1:h1NjWce9XRLGQEsW7wpKNCjG9DtNlClVuFLEZdDNbEs=
golang.org/x/sys v0.0.0-20200814200057-3d37ad5750ed/go.mod h1:h1NjWce9XRLGQEsW7wpKNCjG9DtNlClVuFLEZdDNbEs=
golang.org/x/sys v0.0.0-20200930185726-fdedc70b468f/go.mod h1:h1NjWce9XRLGQEsW7wpKNCjG9DtNlClVuFLEZdDNbEs=
golang.org/x/sys v0.0.0-20201119102817-f84b799fce68/go.mod h1:h1NjWce9XRLGQEsW7wpKNCjG9DtNlClVuFLEZdDNbEs=
golang.org/x/sys v0.0.0-20210112080510-489259a85091/go.mod h1:h1NjWce9XRLGQEsW7wpKNCjG9DtNlClVuFLEZdDNbEs=
golang.org/x/sys v0.0.0-20210320140829-1e4c9ba3b0c4/go.mod h1:h1NjWce9XRLGQEsW7wpKNCjG9DtNlClVuFLEZdDNbEs=
golang.org/x/sys v0.0.0-20210615035016-665e8c7367d1/go.mod h1:oPkhp1MJrh7nUepCBck5+mAzfO9JrbApNNgaTdGDITg=
golang.org/x/sys v0.0.0-20220319134239-a9b59b0215f8/go.mod h1:oPkhp1MJrh7nUepCBck5+mAzfO9JrbApNNgaTdGDITg=
golang.org/x/sys v0.0.0-20220520151302-bc2c85ada10a/go.mod h1:oPkhp1MJrh7nUepCBck5+mAzfO9JrbApNNgaTdGDITg=
golang.org/x/sys v0.0.0-20220722155257-8c9f86f7a55f/go.mod h1:oPkhp1MJrh7nUepCBck5+mAzfO9JrbApNNgaTdGDITg=
golang.org/x/sys v0.0.0-20220908164124-27713097b956/go.mod h1:oPkhp1MJrh7nUepCBck5+mAzfO9JrbApNNgaTdGDITg=
golang.org/x/sys v0.1.0/go.mod h1:oPkhp1MJrh7nUepCBck5+mAzfO9JrbApNNgaTdGDITg=
golang.org/x/sys v0.5.0/go.mod h1:oPkhp1MJrh7nUepCBck5+mAzfO9JrbApNNgaTdGDITg=
golang.org/x/sys v0.38.0 h1:3yZWxaJjBmCWXqhN1qh02AkOnCQ1poK6oF+a7xWL6Gc=
golang.org/x/sys v0.38.0/go.mod h1:OgkHotnGiDImocRcuBABYBEXf8A9a87e/uXjp9XT3ks=
golang.org/x/term v0.0.0-20201126162022-7de9c90e9dd1/go.mod h1:bj7SfCRtBDWHUb9snDiAeCFNEtKQo2Wmx5Cou7ajbmo=
golang.org/x/term v0.0.0-20210927222741-03fcf44c2211/go.mod h1:jbD1KX2456YbFQfuXm/mYQcufACuNUgVhRMnK/tPxf8=
golang.org/x/term v0.5.0/go.mod h1:jMB1sMXY+tzblOD4FWmEbocvup2/aLOaQEp7JmGp78k=
golang.org/x/text v0.3.0/go.mod h1:NqM8EUOU14njkJ3fqMW+pc6Ldnwhi/IjpwHt7yyuwOQ=
golang.org/x/text v0.3.2/go.mod h1:bEr9sfX3Q8Zfm5fL9x+3itogRgK3+ptLWKqgva+5dAk=
golang.org/x/text v0.3.3/go.mod h1:5Zoc/QRtKVWzQhOtBMvqHzDpF6irO9z98xDceosuGiQ=
golang.org/x/text v0.3.7/go.mod h1:u+2+/6zg+i71rQMx5EYifcz6MCKuco9NR6JIITiCfzQ=
golang.org/x/text v0.7.0/go.mod h1:mrYo+phRRbMaCq/xk9113O4dZlRixOauAjOtrjsXDZ8=
golang.org/x/text v0.11.0/go.mod h1:TvPlkZtksWOMsz7fbANvkp4WM8x/WCo/om8BMLbz+aE=
golang.org/x/text v0.31.0 h1:aC8ghyu4JhP8VojJ2lEHBnochRno1sgL6nEi9WGFGMM=
golang.org/x/text v0.31.0/go.mod h1:tKRAlv61yKIjGGHX/4tP1LTbc13YSec1pxVEWXzfoeM=
golang.org/x/tools v0.0.0-20180917221912-90fa682c2a6e/go.mod h1:n7NCudcB/nEzxVGmLbDWY5pfWTLqBcC2KZ6jyYvM4mQ=
golang.org/x/tools v0.0.0-20191119224855-298f0cb1881e/go.mod h1:b+2E5dAYhXwXZwtnZ6UAqBI28+e2cm9otk0dWdXHAEo=
golang.org/x/tools v0.0.0-20201224043029-2b0845dc783e/go.mod h1:emZCQorbCU4vsT4fOWvOPXz4eW1wZW4PmDk9uLelYpA=
golang.org/x/tools v0.1.12/go.mod h1:hNGJHUnrk76NpqgfD5Aqm5Crs+Hm0VOH/i9J2+nxYbc=
golang.org/x/tools v0.6.0/go.mod h1:Xwgl3UAJ/d3gWutnCtw505GrjyAbvKui8lOU390QaIU=
golang.org/x/xerrors v0.0.0-20190717185122-a985d3407aa7/go.mod h1:I/5z698sn9Ka8TeJc9MKroUUfqBBauWjQqLJ2OPfmY0=
golang.org/x/xerrors v0.0.0-20191011141410-1b5146add898/go.mod h1:I/5z698sn9Ka8TeJc9MKroUUfqBBauWjQqLJ2OPfmY0=
golang.org/x/xerrors v0.0.0-20191204190536-9bdfabe68543/go.mod h1:I/5z698sn9Ka8TeJc9MKroUUfqBBauWjQqLJ2OPfmY0=
golang.org/x/xerrors v0.0.0-20200804184101-5ec99f83aff1/go.mod h1:I/5z698sn9Ka8TeJc9MKroUUfqBBauWjQqLJ2OPfmY0=
golang.org/x/xerrors v0.0.0-20220411194840-2f41105eb62f h1:GGU+dLjvlC3qDwqYgL6UgRmHXhOOgns0bZu2Ty5mm6U=
golang.org/x/xerrors v0.0.0-20220411194840-2f41105eb62f/go.mod h1:I/5z698sn9Ka8TeJc9MKroUUfqBBauWjQqLJ2OPfmY0=
google.golang.org/appengine v1.6.7 h1:FZR1q0exgwxzPzp/aF+VccGrSfxfPpkBqjIIEq3ru6c=
google.golang.org/appengine v1.6.7/go.mod h1:8WjMMxjGQR8xUklV/ARdw2HLXBOI7O7uCIDZVag1xfc=
google.golang.org/protobuf v0.0.0-20200109180630-ec00e32a8dfd/go.mod h1:DFci5gLYBciE7Vtevhsrf46CRTquxDuWsQurQQe4oz8=
google.golang.org/protobuf v0.0.0-20200221191635-4d8936d0db64/go.mod h1:kwYJMbMJ01Woi6D6+Kah6886xMZcty6N08ah7+eCXa0=
google.golang.org/protobuf v0.0.0-20200228230310-ab0ca4ff8a60/go.mod h1:cfTl7dwQJ+fmap5saPgwCLgHXTUD7jkjRqWcaiX5VyM=
google.golang.org/protobuf v1.20.1-0.20200309200217-e05f789c0967/go.mod h1:A+miEFZTKqfCUM6K7xSMQL9OKL/b6hQv+e19PK+JZNE=
google.golang.org/protobuf v1.21.0/go.mod h1:47Nbq4nVaFHyn7ilMalzfO3qCViNmqZ2kzikPIcrTAo=
google.golang.org/protobuf v1.23.0/go.mod h1:EGpADcykh3NcUnDUJcl1+ZksZNG86OlYog2l/sGQquU=
google.golang.org/protobuf v1.36.11 h1:fV6ZwhNocDyBLK0dj+fg8ektcVegBBuEolpbTQyBNVE=
google.golang.org/protobuf v1.36.11/go.mod h1:HTf+CrKn2C3g5S8VImy6tdcUvCska2kB7j23XfzDpco=
gopkg.in/check.v1 v0.0.0-20161208181325-20d25e280405/go.mod h1:Co6ibVJAznAaIkqp8huTwlJQCZ016jof/cbN4VW5Yz0=
gopkg.in/check.v1 v1.0.0-20190902080502-41f04d3bba15/go.mod h1:Co6ibVJAznAaIkqp8huTwlJQCZ016jof/cbN4VW5Yz0=
gopkg.in/check.v1 v1.0.0-20201130134442-10cb98267c6c h1:Hei/4ADfdWqJk1ZMxUNpqntNwaWcugrBjAiHlqqRiVk=
gopkg.in/check.v1 v1.0.0-20201130134442-10cb98267c6c/go.mod h1:JHkPIbrfpd72SG/EVd6muEfDQjcINNoR0C8j2r3qZ4Q=
gopkg.in/fsnotify.v1 v1.4.7/go.mod h1:Tz8NjZHkW78fSQdbUxIjBTcgA1z1m8ZHf0WmKUhAMys=
gopkg.in/tomb.v1 v1.0.0-20141024135613-dd632973f1e7 h1:uRGJdciOHaEIrze2W8Q3AKkepLTh2hOroT7a+7czfdQ=
gopkg.in/tomb.v1 v1.0.0-20141024135613-dd632973f1e7/go.mod h1:dt/ZhP58zS4L8KSrWDmTeBkI65Dw0HsyUHuEVlX15mw=
gopkg.in/yaml.v2 v2.2.2/go.mod h1:hI93XBmqTisBFMUTm0b8Fm+jr3Dg1NNxqwp+5A1VGuI=
gopkg.in/yaml.v2 v2.2.4/go.mod h1:hI93XBmqTisBFMUTm0b8Fm+jr3Dg1NNxqwp+5A1VGuI=
gopkg.in/yaml.v2 v2.2.8/go.mod h1:hI93XBmqTisBFMUTm0b8Fm+jr3Dg1NNxqwp+5A1VGuI=
gopkg.in/yaml.v2 v2.3.0/go.mod h1:hI93XBmqTisBFMUTm0b8Fm+jr3Dg1NNxqwp+5A1VGuI=
gopkg.in/yaml.v2 v2.4.0 h1:D8xgwECY7CYvx+Y2n4sBz93Jn9JRvxdiyyo8CTfuKaY=
gopkg.in/yaml.v2 v2.4.0/go.mod h1:RDklbk79AGWmwhnvt/jBztapEOGDOx6ZbXqjP6csGnQ=
gopkg.in/yaml.v3 v3.0.0-20200313102051-9f266ea9e77c/go.mod h1:K4uyk7z7BCEPqu6E+C64Yfv1cQ7kz7rIZviUmN+EgEM=
gopkg.in/yaml.v3 v3.0.1 h1:fxVm/GzAzEWqLHuvctI91KS9hhNmmWOoWu0XTYJS7CA=
gopkg.in/yaml.v3 v3.0.1/go.mod h1:K4uyk7z7BCEPqu6E+C64Yfv1cQ7kz7rIZviUmN+EgEM=
lukechampine.com/blake3 v1.3.0 h1:sJ3XhFINmHSrYCgl958hscfIa3bw8x4DqMP3u1YvoYE=
lukechampine.com/blake3 v1.3.0/go.mod h1:0OFRp7fBtAylGVCO40o87sbupkyIGgbpv1+M1k1LM6k=
